
Microsoft Visual Studio Solution File, Format Version 12.00
# Visual Studio Version 16
VisualStudioVersion = 16.0.30114.105
MinimumVisualStudioVersion = 10.0.40219.1
Project("{8BC9CEB8-8B4A-11D0-8D11-00A0C91BC942}") = "コンビネーションオーダー？？", "コンビネーションオーダー？？\コンビネーションオーダー？？.vcxproj", "{B457ED3B-8785-48CA-8C35-1609088F284F}"
EndProject
Global
	GlobalSection(SolutionConfigurationPlatforms) = preSolution
		Debug|x64 = Debug|x64
		Debug|x86 = Debug|x86
		Release|x64 = Release|x64
		Release|x86 = Release|x86
	EndGlobalSection
	GlobalSection(ProjectConfigurationPlatforms) = postSolution
		{B457ED3B-8785-48CA-8C35-1609088F284F}.Debug|x64.ActiveCfg = Debug|x64
		{B457ED3B-8785-48CA-8C35-1609088F284F}.Debug|x64.Build.0 = Debug|x64
		{B457ED3B-8785-48CA-8C35-1609088F284F}.Debug|x86.ActiveCfg = Debug|Win32
		{B457ED3B-8785-48CA-8C35-1609088F284F}.Debug|x86.Build.0 = Debug|Win32
		{B457ED3B-8785-48CA-8C35-1609088F284F}.Release|x64.ActiveCfg = Release|x64
		{B457ED3B-8785-48CA-8C35-1609088F284F}.Release|x64.Build.0 = Release|x64
		{B457ED3B-8785-48CA-8C35-1609088F284F}.Release|x86.ActiveCfg = Release|Win32
		{B457ED3B-8785-48CA-8C35-1609088F284F}.Release|x86.Build.0 = Release|Win32
	EndGlobalSection
	GlobalSection(SolutionProperties) = preSolution
		HideSolutionNode = FALSE
	EndGlobalSection
	GlobalSection(ExtensibilityGlobals) = postSolution
		SolutionGuid = {1ED87C8F-567E-48A5-A553-C60D399B4888}
	EndGlobalSection
EndGlobal
